
Microsoft Visual Studio Solution File, Format Version 12.00
# Visual Studio Version 17
VisualStudioVersion = 17.0.31903.59
MinimumVisualStudioVersion = 10.0.40219.1
Project("{9A19103F-16F7-4668-BE54-9A1E7A4F7556}") = "DotNetCore-zhHans.Base", "DotNetCore-zhHans.Base\DotNetCore-zhHans.Base.csproj", "{46AFA986-C8F9-4480-B896-DEB1625F9C34}"
EndProject
Project("{9A19103F-16F7-4668-BE54-9A1E7A4F7556}") = "TranslateApi.Baidu", "Translate.Baidu\TranslateApi.Baidu.csproj", "{9CCC679F-E70A-4D86-BFB3-674EAB99ABA9}"
EndProject
Project("{9A19103F-16F7-4668-BE54-9A1E7A4F7556}") = "TranslateApi.Tencent", "Translate.Tencent\TranslateApi.Tencent.csproj", "{6880C408-5B54-40B9-B48C-072475C0D169}"
EndProject
Project("{9A19103F-16F7-4668-BE54-9A1E7A4F7556}") = "TranslateApi.Aliyun", "Translate.Aliyun\TranslateApi.Aliyun.csproj", "{D55C86B9-05F8-46BF-8BF9-919355F20C38}"
EndProject
Project("{9A19103F-16F7-4668-BE54-9A1E7A4F7556}") = "TranslateApi.Kate", "TranslateApi.Kate\TranslateApi.Kate.csproj", "{D7455CF5-721A-4D8C-AAD0-30C014BE44A0}"
EndProject
Project("{9A19103F-16F7-4668-BE54-9A1E7A4F7556}") = "DotNetCore-zhHans.Db", "DotNetCore-zhHans.Db\DotNetCore-zhHans.Db.csproj", "{43D10F5C-E3F0-4BB7-BFD6-6EC54B4A8475}"
EndProject
Project("{2150E333-8FDC-42A3-9474-1A3956D46DE8}") = "Solution Items", "Solution Items", "{198A3F36-BDD3-4761-A3F3-D3889609F118}"
	ProjectSection(SolutionItems) = preProject
		.editorconfig = .editorconfig
	EndProjectSection
EndProject
Project("{9A19103F-16F7-4668-BE54-9A1E7A4F7556}") = "DotNetCore-zhHans", "DotNetCore-zhHans\DotNetCore-zhHans.csproj", "{6017316A-0CF3-4EF7-9FA9-A0D431E9454D}"
EndProject
Project("{9A19103F-16F7-4668-BE54-9A1E7A4F7556}") = "NearExtend.WpfPrism", "NearExtend.WpfPrism\NearExtend.WpfPrism.csproj", "{8F95563E-EBD6-4B36-9CD8-42D4077D99D8}"
EndProject
Project("{2150E333-8FDC-42A3-9474-1A3956D46DE8}") = "Base", "Base", "{609E5EF8-6A1A-4226-9206-C31C83403C3B}"
EndProject
Project("{9A19103F-16F7-4668-BE54-9A1E7A4F7556}") = "DotNetCore-zhHans.Service", "DotNetCore-zhHans.Service\DotNetCore-zhHans.Service.csproj", "{2FF4DC13-3064-4CD1-AB00-F9532A073D58}"
EndProject
Project("{9A19103F-16F7-4668-BE54-9A1E7A4F7556}") = "DotNetCorezhHans.Update", "DotNetCorezhHans.Update\DotNetCorezhHans.Update.csproj", "{8E1B2062-30B2-4F1C-A318-FF7C3426318D}"
EndProject
Project("{9A19103F-16F7-4668-BE54-9A1E7A4F7556}") = "DotNetCore-zhHans.Boot", "DotNetCore-zhHans.Boot\DotNetCore-zhHans.Boot.csproj", "{C7C9570A-110B-476D-8A90-3693954CDC03}"
EndProject
Project("{2150E333-8FDC-42A3-9474-1A3956D46DE8}") = "问题", "问题", "{A0A316F7-1837-4994-85E7-DD7B354F714D}"
	ProjectSection(SolutionItems) = preProject
		已知问题.txt = 已知问题.txt
	EndProjectSection
EndProject
Global
	GlobalSection(SolutionConfigurationPlatforms) = preSolution
		Debug|Any CPU = Debug|Any CPU
		Debug|x64 = Debug|x64
		Debug|x86 = Debug|x86
		Release|Any CPU = Release|Any CPU
		Release|x64 = Release|x64
		Release|x86 = Release|x86
	EndGlobalSection
	GlobalSection(ProjectConfigurationPlatforms) = postSolution
		{46AFA986-C8F9-4480-B896-DEB1625F9C34}.Debug|Any CPU.ActiveCfg = Debug|Any CPU
		{46AFA986-C8F9-4480-B896-DEB1625F9C34}.Debug|Any CPU.Build.0 = Debug|Any CPU
		{46AFA986-C8F9-4480-B896-DEB1625F9C34}.Debug|x64.ActiveCfg = Debug|x64
		{46AFA986-C8F9-4480-B896-DEB1625F9C34}.Debug|x64.Build.0 = Debug|x64
		{46AFA986-C8F9-4480-B896-DEB1625F9C34}.Debug|x86.ActiveCfg = Debug|x86
		{46AFA986-C8F9-4480-B896-DEB1625F9C34}.Debug|x86.Build.0 = Debug|x86
		{46AFA986-C8F9-4480-B896-DEB1625F9C34}.Release|Any CPU.ActiveCfg = Release|Any CPU
		{46AFA986-C8F9-4480-B896-DEB1625F9C34}.Release|Any CPU.Build.0 = Release|Any CPU
		{46AFA986-C8F9-4480-B896-DEB1625F9C34}.Release|x64.ActiveCfg = Release|x64
		{46AFA986-C8F9-4480-B896-DEB1625F9C34}.Release|x64.Build.0 = Release|x64
		{46AFA986-C8F9-4480-B896-DEB1625F9C34}.Release|x86.ActiveCfg = Release|x86
		{46AFA986-C8F9-4480-B896-DEB1625F9C34}.Release|x86.Build.0 = Release|x86
		{9CCC679F-E70A-4D86-BFB3-674EAB99ABA9}.Debug|Any CPU.ActiveCfg = Debug|Any CPU
		{9CCC679F-E70A-4D86-BFB3-674EAB99ABA9}.Debug|Any CPU.Build.0 = Debug|Any CPU
		{9CCC679F-E70A-4D86-BFB3-674EAB99ABA9}.Debug|x64.ActiveCfg = Debug|x64
		{9CCC679F-E70A-4D86-BFB3-674EAB99ABA9}.Debug|x64.Build.0 = Debug|x64
		{9CCC679F-E70A-4D86-BFB3-674EAB99ABA9}.Debug|x86.ActiveCfg = Debug|x86
		{9CCC679F-E70A-4D86-BFB3-674EAB99ABA9}.Debug|x86.Build.0 = Debug|x86
		{9CCC679F-E70A-4D86-BFB3-674EAB99ABA9}.Release|Any CPU.ActiveCfg = Release|Any CPU
		{9CCC679F-E70A-4D86-BFB3-674EAB99ABA9}.Release|Any CPU.Build.0 = Release|Any CPU
		{9CCC679F-E70A-4D86-BFB3-674EAB99ABA9}.Release|x64.ActiveCfg = Release|x64
		{9CCC679F-E70A-4D86-BFB3-674EAB99ABA9}.Release|x64.Build.0 = Release|x64
		{9CCC679F-E70A-4D86-BFB3-674EAB99ABA9}.Release|x86.ActiveCfg = Release|x86
		{9CCC679F-E70A-4D86-BFB3-674EAB99ABA9}.Release|x86.Build.0 = Release|x86
		{6880C408-5B54-40B9-B48C-072475C0D169}.Debug|Any CPU.ActiveCfg = Debug|Any CPU
		{6880C408-5B54-40B9-B48C-072475C0D169}.Debug|Any CPU.Build.0 = Debug|Any CPU
		{6880C408-5B54-40B9-B48C-072475C0D169}.Debug|x64.ActiveCfg = Debug|x64
		{6880C408-5B54-40B9-B48C-072475C0D169}.Debug|x64.Build.0 = Debug|x64
		{6880C408-5B54-40B9-B48C-072475C0D169}.Debug|x86.ActiveCfg = Debug|x86
		{6880C408-5B54-40B9-B48C-072475C0D169}.Debug|x86.Build.0 = Debug|x86
		{6880C408-5B54-40B9-B48C-072475C0D169}.Release|Any CPU.ActiveCfg = Release|Any CPU
		{6880C408-5B54-40B9-B48C-072475C0D169}.Release|Any CPU.Build.0 = Release|Any CPU
		{6880C408-5B54-40B9-B48C-072475C0D169}.Release|x64.ActiveCfg = Release|x64
		{6880C408-5B54-40B9-B48C-072475C0D169}.Release|x64.Build.0 = Release|x64
		{6880C408-5B54-40B9-B48C-072475C0D169}.Release|x86.ActiveCfg = Release|x86
		{6880C408-5B54-40B9-B48C-072475C0D169}.Release|x86.Build.0 = Release|x86
		{D55C86B9-05F8-46BF-8BF9-919355F20C38}.Debug|Any CPU.ActiveCfg = Debug|Any CPU
		{D55C86B9-05F8-46BF-8BF9-919355F20C38}.Debug|Any CPU.Build.0 = Debug|Any CPU
		{D55C86B9-05F8-46BF-8BF9-919355F20C38}.Debug|x64.ActiveCfg = Debug|x64
		{D55C86B9-05F8-46BF-8BF9-919355F20C38}.Debug|x64.Build.0 = Debug|x64
		{D55C86B9-05F8-46BF-8BF9-919355F20C38}.Debug|x86.ActiveCfg = Debug|x86
		{D55C86B9-05F8-46BF-8BF9-919355F20C38}.Debug|x86.Build.0 = Debug|x86
		{D55C86B9-05F8-46BF-8BF9-919355F20C38}.Release|Any CPU.ActiveCfg = Release|Any CPU
		{D55C86B9-05F8-46BF-8BF9-919355F20C38}.Release|Any CPU.Build.0 = Release|Any CPU
		{D55C86B9-05F8-46BF-8BF9-919355F20C38}.Release|x64.ActiveCfg = Release|x64
		{D55C86B9-05F8-46BF-8BF9-919355F20C38}.Release|x64.Build.0 = Release|x64
		{D55C86B9-05F8-46BF-8BF9-919355F20C38}.Release|x86.ActiveCfg = Release|x86
		{D55C86B9-05F8-46BF-8BF9-919355F20C38}.Release|x86.Build.0 = Release|x86
		{D7455CF5-721A-4D8C-AAD0-30C014BE44A0}.Debug|Any CPU.ActiveCfg = Debug|Any CPU
		{D7455CF5-721A-4D8C-AAD0-30C014BE44A0}.Debug|Any CPU.Build.0 = Debug|Any CPU
		{D7455CF5-721A-4D8C-AAD0-30C014BE44A0}.Debug|x64.ActiveCfg = Debug|x64
		{D7455CF5-721A-4D8C-AAD0-30C014BE44A0}.Debug|x64.Build.0 = Debug|x64
		{D7455CF5-721A-4D8C-AAD0-30C014BE44A0}.Debug|x86.ActiveCfg = Debug|x86
		{D7455CF5-721A-4D8C-AAD0-30C014BE44A0}.Debug|x86.Build.0 = Debug|x86
		{D7455CF5-721A-4D8C-AAD0-30C014BE44A0}.Release|Any CPU.ActiveCfg = Release|Any CPU
		{D7455CF5-721A-4D8C-AAD0-30C014BE44A0}.Release|Any CPU.Build.0 = Release|Any CPU
		{D7455CF5-721A-4D8C-AAD0-30C014BE44A0}.Release|x64.ActiveCfg = Release|x64
		{D7455CF5-721A-4D8C-AAD0-30C014BE44A0}.Release|x64.Build.0 = Release|x64
		{D7455CF5-721A-4D8C-AAD0-30C014BE44A0}.Release|x86.ActiveCfg = Release|x86
		{D7455CF5-721A-4D8C-AAD0-30C014BE44A0}.Release|x86.Build.0 = Release|x86
		{43D10F5C-E3F0-4BB7-BFD6-6EC54B4A8475}.Debug|Any CPU.ActiveCfg = Debug|Any CPU
		{43D10F5C-E3F0-4BB7-BFD6-6EC54B4A8475}.Debug|Any CPU.Build.0 = Debug|Any CPU
		{43D10F5C-E3F0-4BB7-BFD6-6EC54B4A8475}.Debug|x64.ActiveCfg = Debug|x64
		{43D10F5C-E3F0-4BB7-BFD6-6EC54B4A8475}.Debug|x64.Build.0 = Debug|x64
		{43D10F5C-E3F0-4BB7-BFD6-6EC54B4A8475}.Debug|x86.ActiveCfg = Debug|x86
		{43D10F5C-E3F0-4BB7-BFD6-6EC54B4A8475}.Debug|x86.Build.0 = Debug|x86
		{43D10F5C-E3F0-4BB7-BFD6-6EC54B4A8475}.Release|Any CPU.ActiveCfg = Release|Any CPU
		{43D10F5C-E3F0-4BB7-BFD6-6EC54B4A8475}.Release|Any CPU.Build.0 = Release|Any CPU
		{43D10F5C-E3F0-4BB7-BFD6-6EC54B4A8475}.Release|x64.ActiveCfg = Release|x64
		{43D10F5C-E3F0-4BB7-BFD6-6EC54B4A8475}.Release|x64.Build.0 = Release|x64
		{43D10F5C-E3F0-4BB7-BFD6-6EC54B4A8475}.Release|x86.ActiveCfg = Release|x86
		{43D10F5C-E3F0-4BB7-BFD6-6EC54B4A8475}.Release|x86.Build.0 = Release|x86
		{6017316A-0CF3-4EF7-9FA9-A0D431E9454D}.Debug|Any CPU.ActiveCfg = Debug|Any CPU
		{6017316A-0CF3-4EF7-9FA9-A0D431E9454D}.Debug|Any CPU.Build.0 = Debug|Any CPU
		{6017316A-0CF3-4EF7-9FA9-A0D431E9454D}.Debug|x64.ActiveCfg = Debug|x64
		{6017316A-0CF3-4EF7-9FA9-A0D431E9454D}.Debug|x64.Build.0 = Debug|x64
		{6017316A-0CF3-4EF7-9FA9-A0D431E9454D}.Debug|x86.ActiveCfg = Debug|x86
		{6017316A-0CF3-4EF7-9FA9-A0D431E9454D}.Debug|x86.Build.0 = Debug|x86
		{6017316A-0CF3-4EF7-9FA9-A0D431E9454D}.Release|Any CPU.ActiveCfg = Release|Any CPU
		{6017316A-0CF3-4EF7-9FA9-A0D431E9454D}.Release|Any CPU.Build.0 = Release|Any CPU
		{6017316A-0CF3-4EF7-9FA9-A0D431E9454D}.Release|x64.ActiveCfg = Release|x64
		{6017316A-0CF3-4EF7-9FA9-A0D431E9454D}.Release|x64.Build.0 = Release|x64
		{6017316A-0CF3-4EF7-9FA9-A0D431E9454D}.Release|x86.ActiveCfg = Release|x86
		{6017316A-0CF3-4EF7-9FA9-A0D431E9454D}.Release|x86.Build.0 = Release|x86
		{8F95563E-EBD6-4B36-9CD8-42D4077D99D8}.Debug|Any CPU.ActiveCfg = Debug|Any CPU
		{8F95563E-EBD6-4B36-9CD8-42D4077D99D8}.Debug|Any CPU.Build.0 = Debug|Any CPU
		{8F95563E-EBD6-4B36-9CD8-42D4077D99D8}.Debug|x64.ActiveCfg = Debug|x64
		{8F95563E-EBD6-4B36-9CD8-42D4077D99D8}.Debug|x64.Build.0 = Debug|x64
		{8F95563E-EBD6-4B36-9CD8-42D4077D99D8}.Debug|x86.ActiveCfg = Debug|x86
		{8F95563E-EBD6-4B36-9CD8-42D4077D99D8}.Debug|x86.Build.0 = Debug|x86
		{8F95563E-EBD6-4B36-9CD8-42D4077D99D8}.Release|Any CPU.ActiveCfg = Release|Any CPU
		{8F95563E-EBD6-4B36-9CD8-42D4077D99D8}.Release|Any CPU.Build.0 = Release|Any CPU
		{8F95563E-EBD6-4B36-9CD8-42D4077D99D8}.Release|x64.ActiveCfg = Release|x64
		{8F95563E-EBD6-4B36-9CD8-42D4077D99D8}.Release|x64.Build.0 = Release|x64
		{8F95563E-EBD6-4B36-9CD8-42D4077D99D8}.Release|x86.ActiveCfg = Release|x86
		{8F95563E-EBD6-4B36-9CD8-42D4077D99D8}.Release|x86.Build.0 = Release|x86
		{2FF4DC13-3064-4CD1-AB00-F9532A073D58}.Debug|Any CPU.ActiveCfg = Debug|Any CPU
		{2FF4DC13-3064-4CD1-AB00-F9532A073D58}.Debug|Any CPU.Build.0 = Debug|Any CPU
		{2FF4DC13-3064-4CD1-AB00-F9532A073D58}.Debug|x64.ActiveCfg = Debug|x64
		{2FF4DC13-3064-4CD1-AB00-F9532A073D58}.Debug|x64.Build.0 = Debug|x64
		{2FF4DC13-3064-4CD1-AB00-F9532A073D58}.Debug|x86.ActiveCfg = Debug|x86
		{2FF4DC13-3064-4CD1-AB00-F9532A073D58}.Debug|x86.Build.0 = Debug|x86
		{2FF4DC13-3064-4CD1-AB00-F9532A073D58}.Release|Any CPU.ActiveCfg = Release|Any CPU
		{2FF4DC13-3064-4CD1-AB00-F9532A073D58}.Release|Any CPU.Build.0 = Release|Any CPU
		{2FF4DC13-3064-4CD1-AB00-F9532A073D58}.Release|x64.ActiveCfg = Release|x64
		{2FF4DC13-3064-4CD1-AB00-F9532A073D58}.Release|x64.Build.0 = Release|x64
		{2FF4DC13-3064-4CD1-AB00-F9532A073D58}.Release|x86.ActiveCfg = Release|x86
		{2FF4DC13-3064-4CD1-AB00-F9532A073D58}.Release|x86.Build.0 = Release|x86
		{8E1B2062-30B2-4F1C-A318-FF7C3426318D}.Debug|Any CPU.ActiveCfg = Debug|Any CPU
		{8E1B2062-30B2-4F1C-A318-FF7C3426318D}.Debug|Any CPU.Build.0 = Debug|Any CPU
		{8E1B2062-30B2-4F1C-A318-FF7C3426318D}.Debug|x64.ActiveCfg = Debug|Any CPU
		{8E1B2062-30B2-4F1C-A318-FF7C3426318D}.Debug|x64.Build.0 = Debug|Any CPU
		{8E1B2062-30B2-4F1C-A318-FF7C3426318D}.Debug|x86.ActiveCfg = Debug|x86
		{8E1B2062-30B2-4F1C-A318-FF7C3426318D}.Debug|x86.Build.0 = Debug|x86
		{8E1B2062-30B2-4F1C-A318-FF7C3426318D}.Release|Any CPU.ActiveCfg = Release|Any CPU
		{8E1B2062-30B2-4F1C-A318-FF7C3426318D}.Release|Any CPU.Build.0 = Release|Any CPU
		{8E1B2062-30B2-4F1C-A318-FF7C3426318D}.Release|x64.ActiveCfg = Release|Any CPU
		{8E1B2062-30B2-4F1C-A318-FF7C3426318D}.Release|x64.Build.0 = Release|Any CPU
		{8E1B2062-30B2-4F1C-A318-FF7C3426318D}.Release|x86.ActiveCfg = Release|x86
		{8E1B2062-30B2-4F1C-A318-FF7C3426318D}.Release|x86.Build.0 = Release|x86
		{C7C9570A-110B-476D-8A90-3693954CDC03}.Debug|Any CPU.ActiveCfg = Debug|Any CPU
		{C7C9570A-110B-476D-8A90-3693954CDC03}.Debug|Any CPU.Build.0 = Debug|Any CPU
		{C7C9570A-110B-476D-8A90-3693954CDC03}.Debug|x64.ActiveCfg = Debug|Any CPU
		{C7C9570A-110B-476D-8A90-3693954CDC03}.Debug|x64.Build.0 = Debug|Any CPU
		{C7C9570A-110B-476D-8A90-3693954CDC03}.Debug|x86.ActiveCfg = Debug|x86
		{C7C9570A-110B-476D-8A90-3693954CDC03}.Debug|x86.Build.0 = Debug|x86
		{C7C9570A-110B-476D-8A90-3693954CDC03}.Release|Any CPU.ActiveCfg = Release|Any CPU
		{C7C9570A-110B-476D-8A90-3693954CDC03}.Release|Any CPU.Build.0 = Release|Any CPU
		{C7C9570A-110B-476D-8A90-3693954CDC03}.Release|x64.ActiveCfg = Release|Any CPU
		{C7C9570A-110B-476D-8A90-3693954CDC03}.Release|x64.Build.0 = Release|Any CPU
		{C7C9570A-110B-476D-8A90-3693954CDC03}.Release|x86.ActiveCfg = Release|x86
		{C7C9570A-110B-476D-8A90-3693954CDC03}.Release|x86.Build.0 = Release|x86
	EndGlobalSection
	GlobalSection(SolutionProperties) = preSolution
		HideSolutionNode = FALSE
	EndGlobalSection
	GlobalSection(NestedProjects) = preSolution
		{46AFA986-C8F9-4480-B896-DEB1625F9C34} = {609E5EF8-6A1A-4226-9206-C31C83403C3B}
		{9CCC679F-E70A-4D86-BFB3-674EAB99ABA9} = {609E5EF8-6A1A-4226-9206-C31C83403C3B}
		{6880C408-5B54-40B9-B48C-072475C0D169} = {609E5EF8-6A1A-4226-9206-C31C83403C3B}
		{D55C86B9-05F8-46BF-8BF9-919355F20C38} = {609E5EF8-6A1A-4226-9206-C31C83403C3B}
		{D7455CF5-721A-4D8C-AAD0-30C014BE44A0} = {609E5EF8-6A1A-4226-9206-C31C83403C3B}
		{8E1B2062-30B2-4F1C-A318-FF7C3426318D} = {609E5EF8-6A1A-4226-9206-C31C83403C3B}
	EndGlobalSection
	GlobalSection(ExtensibilityGlobals) = postSolution
		SolutionGuid = {95B0D812-5189-4AB8-86CD-ECCDA63A5CD2}
	EndGlobalSection
EndGlobal
